// !$*UTF8*$!
{
	archiveVersion = 1;
	classes = {
	};
	objectVersion = 46;
	objects = {

/* Begin PBXBuildFile section */
		52510638143605AC00680AB0 /* Foundation.framework in Frameworks */ = {isa = PBXBuildFile; fileRef = 52510637143605AC00680AB0 /* Foundation.framework */; };
		5251064B1436061700680AB0 /* EGORefreshTableHeaderView.h in Headers */ = {isa = PBXBuildFile; fileRef = 525106491436061700680AB0 /* EGORefreshTableHeaderView.h */; settings = {ATTRIBUTES = (Public, ); }; };
		5251064C1436061700680AB0 /* EGORefreshTableHeaderView.m in Sources */ = {isa = PBXBuildFile; fileRef = 5251064A1436061700680AB0 /* EGORefreshTableHeaderView.m */; };
		525108791437BBDB00680AB0 /* Cocoa.framework in Frameworks */ = {isa = PBXBuildFile; fileRef = 525108781437BBDB00680AB0 /* Cocoa.framework */; };
		525108831437BBDB00680AB0 /* InfoPlist.strings in Resources */ = {isa = PBXBuildFile; fileRef = 525108811437BBDB00680AB0 /* InfoPlist.strings */; };
		525108891437BC3200680AB0 /* blackArrow.png in Resources */ = {isa = PBXBuildFile; fileRef = 5251079014379BB900680AB0 /* blackArrow.png */; };
		5251088A1437BC3200680AB0 /* blackArrow@2x.png in Resources */ = {isa = PBXBuildFile; fileRef = 5251079114379BB900680AB0 /* blackArrow@2x.png */; };
		5251088B1437BC3200680AB0 /* blueArrow.png in Resources */ = {isa = PBXBuildFile; fileRef = 5251079214379BB900680AB0 /* blueArrow.png */; };
		5251088C1437BC3200680AB0 /* blueArrow@2x.png in Resources */ = {isa = PBXBuildFile; fileRef = 5251079314379BB900680AB0 /* blueArrow@2x.png */; };
		5251088D1437BC3200680AB0 /* grayArrow.png in Resources */ = {isa = PBXBuildFile; fileRef = 5251079414379BB900680AB0 /* grayArrow.png */; };
		5251088E1437BC3200680AB0 /* grayArrow@2x.png in Resources */ = {isa = PBXBuildFile; fileRef = 5251079514379BB900680AB0 /* grayArrow@2x.png */; };
		5251088F1437BC3200680AB0 /* whiteArrow.png in Resources */ = {isa = PBXBuildFile; fileRef = 5251079614379BB900680AB0 /* whiteArrow.png */; };
		525108901437BC3200680AB0 /* whiteArrow@2x.png in Resources */ = {isa = PBXBuildFile; fileRef = 5251079714379BB900680AB0 /* whiteArrow@2x.png */; };
/* End PBXBuildFile section */

/* Begin PBXContainerItemProxy section */
		525108911437BCB400680AB0 /* PBXContainerItemProxy */ = {
			isa = PBXContainerItemProxy;
			containerPortal = 5251062B143605AC00680AB0 /* Project object */;
			proxyType = 1;
			remoteGlobalIDString = 525108761437BBDB00680AB0;
			remoteInfo = Resources;
		};
/* End PBXContainerItemProxy section */

/* Begin PBXFileReference section */
		52510634143605AC00680AB0 /* libEGOTableViewPullRefresh.a */ = {isa = PBXFileReference; explicitFileType = archive.ar; includeInIndex = 0; path = libEGOTableViewPullRefresh.a; sourceTree = BUILT_PRODUCTS_DIR; };
		52510637143605AC00680AB0 /* Foundation.framework */ = {isa = PBXFileReference; lastKnownFileType = wrapper.framework; name = Foundation.framework; path = System/Library/Frameworks/Foundation.framework; sourceTree = SDKROOT; };
		525106491436061700680AB0 /* EGORefreshTableHeaderView.h */ = {isa = PBXFileReference; fileEncoding = 4; lastKnownFileType = sourcecode.c.h; name = EGORefreshTableHeaderView.h; path = Classes/View/EGORefreshTableHeaderView.h; sourceTree = "<group>"; };
		5251064A1436061700680AB0 /* EGORefreshTableHeaderView.m */ = {isa = PBXFileReference; fileEncoding = 4; lastKnownFileType = sourcecode.c.objc; name = EGORefreshTableHeaderView.m; path = Classes/View/EGORefreshTableHeaderView.m; sourceTree = "<group>"; };
		5251079014379BB900680AB0 /* blackArrow.png */ = {isa = PBXFileReference; lastKnownFileType = image.png; path = blackArrow.png; sourceTree = "<group>"; };
		5251079114379BB900680AB0 /* blackArrow@2x.png */ = {isa = PBXFileReference; lastKnownFileType = image.png; path = "blackArrow@2x.png"; sourceTree = "<group>"; };
		5251079214379BB900680AB0 /* blueArrow.png */ = {isa = PBXFileReference; lastKnownFileType = image.png; path = blueArrow.png; sourceTree = "<group>"; };
		5251079314379BB900680AB0 /* blueArrow@2x.png */ = {isa = PBXFileReference; lastKnownFileType = image.png; path = "blueArrow@2x.png"; sourceTree = "<group>"; };
		5251079414379BB900680AB0 /* grayArrow.png */ = {isa = PBXFileReference; lastKnownFileType = image.png; path = grayArrow.png; sourceTree = "<group>"; };
		5251079514379BB900680AB0 /* grayArrow@2x.png */ = {isa = PBXFileReference; lastKnownFileType = image.png; path = "grayArrow@2x.png"; sourceTree = "<group>"; };
		5251079614379BB900680AB0 /* whiteArrow.png */ = {isa = PBXFileReference; lastKnownFileType = image.png; path = whiteArrow.png; sourceTree = "<group>"; };
		5251079714379BB900680AB0 /* whiteArrow@2x.png */ = {isa = PBXFileReference; lastKnownFileType = image.png; path = "whiteArrow@2x.png"; sourceTree = "<group>"; };
		525108771437BBDB00680AB0 /* Resources.bundle */ = {isa = PBXFileReference; explicitFileType = wrapper.cfbundle; includeInIndex = 0; path = Resources.bundle; sourceTree = BUILT_PRODUCTS_DIR; };
		525108781437BBDB00680AB0 /* Cocoa.framework */ = {isa = PBXFileReference; lastKnownFileType = wrapper.framework; name = Cocoa.framework; path = Library/Frameworks/Cocoa.framework; sourceTree = DEVELOPER_DIR; };
		5251087B1437BBDB00680AB0 /* AppKit.framework */ = {isa = PBXFileReference; lastKnownFileType = wrapper.framework; name = AppKit.framework; path = Library/Frameworks/AppKit.framework; sourceTree = SDKROOT; };
		5251087C1437BBDB00680AB0 /* CoreData.framework */ = {isa = PBXFileReference; lastKnownFileType = wrapper.framework; name = CoreData.framework; path = Library/Frameworks/CoreData.framework; sourceTree = SDKROOT; };
		5251087D1437BBDB00680AB0 /* Foundation.framework */ = {isa = PBXFileReference; lastKnownFileType = wrapper.framework; name = Foundation.framework; path = Library/Frameworks/Foundation.framework; sourceTree = SDKROOT; };
		525108801437BBDB00680AB0 /* Resources-Info.plist */ = {isa = PBXFileReference; lastKnownFileType = text.plist.xml; path = "Resources-Info.plist"; sourceTree = "<group>"; };
		525108821437BBDB00680AB0 /* en */ = {isa = PBXFileReference; lastKnownFileType = text.plist.strings; name = en; path = en.lproj/InfoPlist.strings; sourceTree = "<group>"; };
		525108841437BBDB00680AB0 /* Resources-Prefix.pch */ = {isa = PBXFileReference; lastKnownFileType = sourcecode.c.h; path = "Resources-Prefix.pch"; sourceTree = "<group>"; };
/* End PBXFileReference section */

/* Begin PBXFrameworksBuildPhase section */
		52510631143605AC00680AB0 /* Frameworks */ = {
			isa = PBXFrameworksBuildPhase;
			buildActionMask = 2147483647;
			files = (
				52510638143605AC00680AB0 /* Foundation.framework in Frameworks */,
			);
			runOnlyForDeploymentPostprocessing = 0;
		};
		525108741437BBDB00680AB0 /* Frameworks */ = {
			isa = PBXFrameworksBuildPhase;
			buildActionMask = 2147483647;
			files = (
				525108791437BBDB00680AB0 /* Cocoa.framework in Frameworks */,
			);
			runOnlyForDeploymentPostprocessing = 0;
		};
/* End PBXFrameworksBuildPhase section */

/* Begin PBXGroup section */
		52510629143605AC00680AB0 = {
			isa = PBXGroup;
			children = (
				52510647143605ED00680AB0 /* Classes */,
				5251087E1437BBDB00680AB0 /* Resources */,
				52510636143605AC00680AB0 /* Frameworks */,
				52510635143605AC00680AB0 /* Products */,
			);
			sourceTree = "<group>";
		};
		52510635143605AC00680AB0 /* Products */ = {
			isa = PBXGroup;
			children = (
				52510634143605AC00680AB0 /* libEGOTableViewPullRefresh.a */,
				525108771437BBDB00680AB0 /* Resources.bundle */,
			);
			name = Products;
			sourceTree = "<group>";
		};
		52510636143605AC00680AB0 /* Frameworks */ = {
			isa = PBXGroup;
			children = (
				52510637143605AC00680AB0 /* Foundation.framework */,
				525108781437BBDB00680AB0 /* Cocoa.framework */,
				5251087A1437BBDB00680AB0 /* Other Frameworks */,
			);
			name = Frameworks;
			sourceTree = "<group>";
		};
		52510647143605ED00680AB0 /* Classes */ = {
			isa = PBXGroup;
			children = (
				525106491436061700680AB0 /* EGORefreshTableHeaderView.h */,
				5251064A1436061700680AB0 /* EGORefreshTableHeaderView.m */,
			);
			name = Classes;
			sourceTree = "<group>";
		};
		5251087A1437BBDB00680AB0 /* Other Frameworks */ = {
			isa = PBXGroup;
			children = (
				5251087B1437BBDB00680AB0 /* AppKit.framework */,
				5251087C1437BBDB00680AB0 /* CoreData.framework */,
				5251087D1437BBDB00680AB0 /* Foundation.framework */,
			);
			name = "Other Frameworks";
			sourceTree = "<group>";
		};
		5251087E1437BBDB00680AB0 /* Resources */ = {
			isa = PBXGroup;
			children = (
				5251079014379BB900680AB0 /* blackArrow.png */,
				5251079114379BB900680AB0 /* blackArrow@2x.png */,
				5251079214379BB900680AB0 /* blueArrow.png */,
				5251079314379BB900680AB0 /* blueArrow@2x.png */,
				5251079414379BB900680AB0 /* grayArrow.png */,
				5251079514379BB900680AB0 /* grayArrow@2x.png */,
				5251079614379BB900680AB0 /* whiteArrow.png */,
				5251079714379BB900680AB0 /* whiteArrow@2x.png */,
				5251087F1437BBDB00680AB0 /* Supporting Files */,
			);
			path = Resources;
			sourceTree = "<group>";
		};
		5251087F1437BBDB00680AB0 /* Supporting Files */ = {
			isa = PBXGroup;
			children = (
				525108801437BBDB00680AB0 /* Resources-Info.plist */,
				525108811437BBDB00680AB0 /* InfoPlist.strings */,
				525108841437BBDB00680AB0 /* Resources-Prefix.pch */,
			);
			name = "Supporting Files";
			sourceTree = "<group>";
		};
/* End PBXGroup section */

/* Begin PBXHeadersBuildPhase section */
		52510632143605AC00680AB0 /* Headers */ = {
			isa = PBXHeadersBuildPhase;
			buildActionMask = 2147483647;
			files = (
				5251064B1436061700680AB0 /* EGORefreshTableHeaderView.h in Headers */,
			);
			runOnlyForDeploymentPostprocessing = 0;
		};
/* End PBXHeadersBuildPhase section */

/* Begin PBXNativeTarget section */
		52510633143605AC00680AB0 /* EGOTableViewPullRefresh */ = {
			isa = PBXNativeTarget;
			buildConfigurationList = 52510641143605AC00680AB0 /* Build configuration list for PBXNativeTarget "EGOTableViewPullRefresh" */;
			buildPhases = (
				52510630143605AC00680AB0 /* Sources */,
				52510631143605AC00680AB0 /* Frameworks */,
				52510632143605AC00680AB0 /* Headers */,
			);
			buildRules = (
			);
			dependencies = (
				525108921437BCB400680AB0 /* PBXTargetDependency */,
			);
			name = EGOTableViewPullRefresh;
			productName = EGOTableViewPullRefresh;
			productReference = 52510634143605AC00680AB0 /* libEGOTableViewPullRefresh.a */;
			productType = "com.apple.product-type.library.static";
		};
		525108761437BBDB00680AB0 /* EGOResources */ = {
			isa = PBXNativeTarget;
			buildConfigurationList = 525108871437BBDB00680AB0 /* Build configuration list for PBXNativeTarget "EGOResources" */;
			buildPhases = (
				525108731437BBDB00680AB0 /* Sources */,
				525108741437BBDB00680AB0 /* Frameworks */,
				525108751437BBDB00680AB0 /* Resources */,
			);
			buildRules = (
			);
			dependencies = (
			);
			name = EGOResources;
			productName = Resources;
			productReference = 525108771437BBDB00680AB0 /* Resources.bundle */;
			productType = "com.apple.product-type.bundle";
		};
/* End PBXNativeTarget section */

/* Begin PBXProject section */
		5251062B143605AC00680AB0 /* Project object */ = {
			isa = PBXProject;
			attributes = {
				ORGANIZATIONNAME = "Artefact Product Group";
			};
			buildConfigurationList = 5251062E143605AC00680AB0 /* Build configuration list for PBXProject "EGOTableViewPullRefresh" */;
			compatibilityVersion = "Xcode 3.2";
			developmentRegion = English;
			hasScannedForEncodings = 0;
			knownRegions = (
				en,
			);
			mainGroup = 52510629143605AC00680AB0;
			productRefGroup = 52510635143605AC00680AB0 /* Products */;
			projectDirPath = "";
			projectRoot = "";
			targets = (
				52510633143605AC00680AB0 /* EGOTableViewPullRefresh */,
				525108761437BBDB00680AB0 /* EGOResources */,
			);
		};
/* End PBXProject section */

/* Begin PBXResourcesBuildPhase section */
		525108751437BBDB00680AB0 /* Resources */ = {
			isa = PBXResourcesBuildPhase;
			buildActionMask = 2147483647;
			files = (
				525108831437BBDB00680AB0 /* InfoPlist.strings in Resources */,
				525108891437BC3200680AB0 /* blackArrow.png in Resources */,
				5251088A1437BC3200680AB0 /* blackArrow@2x.png in Resources */,
				5251088B1437BC3200680AB0 /* blueArrow.png in Resources */,
				5251088C1437BC3200680AB0 /* blueArrow@2x.png in Resources */,
				5251088D1437BC3200680AB0 /* grayArrow.png in Resources */,
				5251088E1437BC3200680AB0 /* grayArrow@2x.png in Resources */,
				5251088F1437BC3200680AB0 /* whiteArrow.png in Resources */,
				525108901437BC3200680AB0 /* whiteArrow@2x.png in Resources */,
			);
			runOnlyForDeploymentPostprocessing = 0;
		};
/* End PBXResourcesBuildPhase section */

/* Begin PBXSourcesBuildPhase section */
		52510630143605AC00680AB0 /* Sources */ = {
			isa = PBXSourcesBuildPhase;
			buildActionMask = 2147483647;
			files = (
				5251064C1436061700680AB0 /* EGORefreshTableHeaderView.m in Sources */,
			);
			runOnlyForDeploymentPostprocessing = 0;
		};
		525108731437BBDB00680AB0 /* Sources */ = {
			isa = PBXSourcesBuildPhase;
			buildActionMask = 2147483647;
			files = (
			);
			runOnlyForDeploymentPostprocessing = 0;
		};
/* End PBXSourcesBuildPhase section */

/* Begin PBXTargetDependency section */
		525108921437BCB400680AB0 /* PBXTargetDependency */ = {
			isa = PBXTargetDependency;
			target = 525108761437BBDB00680AB0 /* EGOResources */;
			targetProxy = 525108911437BCB400680AB0 /* PBXContainerItemProxy */;
		};
/* End PBXTargetDependency section */

/* Begin PBXVariantGroup section */
		525108811437BBDB00680AB0 /* InfoPlist.strings */ = {
			isa = PBXVariantGroup;
			children = (
				525108821437BBDB00680AB0 /* en */,
			);
			name = InfoPlist.strings;
			sourceTree = "<group>";
		};
/* End PBXVariantGroup section */

/* Begin XCBuildConfiguration section */
		5251063F143605AC00680AB0 /* Debug */ = {
			isa = XCBuildConfiguration;
			buildSettings = {
				ALWAYS_SEARCH_USER_PATHS = NO;
				ARCHS = "$(ARCHS_STANDARD_32_BIT)";
				COPY_PHASE_STRIP = NO;
				GCC_C_LANGUAGE_STANDARD = gnu99;
				GCC_DYNAMIC_NO_PIC = NO;
				GCC_ENABLE_SYMBOL_SEPARATION = YES;
				GCC_OPTIMIZATION_LEVEL = 0;
				GCC_PREPROCESSOR_DEFINITIONS = (
					"DEBUG=1",
					"$(inherited)",
				);
				GCC_SYMBOLS_PRIVATE_EXTERN = NO;
				GCC_VERSION = com.apple.compilers.llvmgcc42;
				GCC_WARN_ABOUT_MISSING_PROTOTYPES = YES;
				GCC_WARN_ABOUT_RETURN_TYPE = YES;
				GCC_WARN_UNUSED_VARIABLE = YES;
				IPHONEOS_DEPLOYMENT_TARGET = 4.3;
				PRECOMPS_INCLUDE_HEADERS_FROM_BUILT_PRODUCTS_DIR = YES;
				SDKROOT = iphoneos;
			};
			name = Debug;
		};
		52510640143605AC00680AB0 /* Release */ = {
			isa = XCBuildConfiguration;
			buildSettings = {
				ALWAYS_SEARCH_USER_PATHS = NO;
				ARCHS = "$(ARCHS_STANDARD_32_BIT)";
				COPY_PHASE_STRIP = YES;
				GCC_C_LANGUAGE_STANDARD = gnu99;
				GCC_ENABLE_SYMBOL_SEPARATION = YES;
				GCC_VERSION = com.apple.compilers.llvmgcc42;
				GCC_WARN_ABOUT_MISSING_PROTOTYPES = YES;
				GCC_WARN_ABOUT_RETURN_TYPE = YES;
				GCC_WARN_UNUSED_VARIABLE = YES;
				IPHONEOS_DEPLOYMENT_TARGET = 4.3;
				PRECOMPS_INCLUDE_HEADERS_FROM_BUILT_PRODUCTS_DIR = YES;
				SDKROOT = iphoneos;
				VALIDATE_PRODUCT = YES;
			};
			name = Release;
		};
		52510642143605AC00680AB0 /* Debug */ = {
			isa = XCBuildConfiguration;
			buildSettings = {
				DSTROOT = /tmp/EGOTableViewPullRefresh.dst;
				GCC_ENABLE_SYMBOL_SEPARATION = YES;
				GCC_PRECOMPILE_PREFIX_HEADER = NO;
				GCC_PREFIX_HEADER = "";
				OTHER_LDFLAGS = "-ObjC";
				PRECOMPS_INCLUDE_HEADERS_FROM_BUILT_PRODUCTS_DIR = YES;
				PRODUCT_NAME = "$(TARGET_NAME)";
				SKIP_INSTALL = YES;
			};
			name = Debug;
		};
		52510643143605AC00680AB0 /* Release */ = {
			isa = XCBuildConfiguration;
			buildSettings = {
				DSTROOT = /tmp/EGOTableViewPullRefresh.dst;
				GCC_ENABLE_SYMBOL_SEPARATION = YES;
				GCC_PRECOMPILE_PREFIX_HEADER = NO;
				GCC_PREFIX_HEADER = "";
				OTHER_LDFLAGS = "-ObjC";
				PRECOMPS_INCLUDE_HEADERS_FROM_BUILT_PRODUCTS_DIR = YES;
				PRODUCT_NAME = "$(TARGET_NAME)";
				SKIP_INSTALL = YES;
			};
			name = Release;
		};
		525108851437BBDB00680AB0 /* Debug */ = {
			isa = XCBuildConfiguration;
			buildSettings = {
				ARCHS = "$(ARCHS_STANDARD_64_BIT)";
				FRAMEWORK_SEARCH_PATHS = (
					"$(inherited)",
					"\"$(DEVELOPER_FRAMEWORKS_DIR)\"",
				);
				GCC_ENABLE_OBJC_EXCEPTIONS = YES;
				GCC_PRECOMPILE_PREFIX_HEADER = YES;
				GCC_PREFIX_HEADER = "Resources/Resources-Prefix.pch";
				GCC_VERSION = com.apple.compilers.llvm.clang.1_0;
				GCC_WARN_64_TO_32_BIT_CONVERSION = YES;
				INFOPLIST_FILE = "Resources/Resources-Info.plist";
				INSTALL_PATH = "$(LOCAL_LIBRARY_DIR)/Bundles";
				MACOSX_DEPLOYMENT_TARGET = 10.7;
				ONLY_ACTIVE_ARCH = YES;
				PRODUCT_NAME = "$(TARGET_NAME)";
				SDKROOT = macosx;
				WRAPPER_EXTENSION = bundle;
			};
			name = Debug;
		};
		525108861437BBDB00680AB0 /* Release */ = {
			isa = XCBuildConfiguration;
			buildSettings = {
				ARCHS = "$(ARCHS_STANDARD_64_BIT)";
				DEBUG_INFORMATION_FORMAT = "dwarf-with-dsym";
				FRAMEWORK_SEARCH_PATHS = (
					"$(inherited)",
					"\"$(DEVELOPER_FRAMEWORKS_DIR)\"",
				);
				GCC_ENABLE_OBJC_EXCEPTIONS = YES;
				GCC_PRECOMPILE_PREFIX_HEADER = YES;
				GCC_PREFIX_HEADER = "Resources/Resources-Prefix.pch";
				GCC_VERSION = com.apple.compilers.llvm.clang.1_0;
				GCC_WARN_64_TO_32_BIT_CONVERSION = YES;
				INFOPLIST_FILE = "Resources/Resources-Info.plist";
				INSTALL_PATH = "$(LOCAL_LIBRARY_DIR)/Bundles";
				MACOSX_DEPLOYMENT_TARGET = 10.7;
				PRODUCT_NAME = "$(TARGET_NAME)";
				SDKROOT = macosx;
				WRAPPER_EXTENSION = bundle;
			};
			name = Release;
		};
/* End XCBuildConfiguration section */

/* Begin XCConfigurationList section */
		5251062E143605AC00680AB0 /* Build configuration list for PBXProject "EGOTableViewPullRefresh" */ = {
			isa = XCConfigurationList;
			buildConfigurations = (
				5251063F143605AC00680AB0 /* Debug */,
				52510640143605AC00680AB0 /* Release */,
			);
			defaultConfigurationIsVisible = 0;
			defaultConfigurationName = Release;
		};
		52510641143605AC00680AB0 /* Build configuration list for PBXNativeTarget "EGOTableViewPullRefresh" */ = {
			isa = XCConfigurationList;
			buildConfigurations = (
				52510642143605AC00680AB0 /* Debug */,
				52510643143605AC00680AB0 /* Release */,
			);
			defaultConfigurationIsVisible = 0;
			defaultConfigurationName = Release;
		};
		525108871437BBDB00680AB0 /* Build configuration list for PBXNativeTarget "EGOResources" */ = {
			isa = XCConfigurationList;
			buildConfigurations = (
				525108851437BBDB00680AB0 /* Debug */,
				525108861437BBDB00680AB0 /* Release */,
			);
			defaultConfigurationIsVisible = 0;
		};
/* End XCConfigurationList section */
	};
	rootObject = 5251062B143605AC00680AB0 /* Project object */;
}
